
Microsoft Visual Studio Solution File, Format Version 12.00
# Visual Studio Version 17
VisualStudioVersion = 17.2.32505.173
MinimumVisualStudioVersion = 10.0.40219.1
Project("{FAE04EC0-301F-11D3-BF4B-00C04F79EFBC}") = "FirstApp", "FirstApp.csproj", "{2ED58A32-CD51-4AF0-B39C-DCDF1853F81D}"
EndProject
Global
	GlobalSection(SolutionConfigurationPlatforms) = preSolution
		Debug|Any CPU = Debug|Any CPU
		Release|Any CPU = Release|Any CPU
	EndGlobalSection
	GlobalSection(ProjectConfigurationPlatforms) = postSolution
		{2ED58A32-CD51-4AF0-B39C-DCDF1853F81D}.Debug|Any CPU.ActiveCfg = Debug|Any CPU
		{2ED58A32-CD51-4AF0-B39C-DCDF1853F81D}.Debug|Any CPU.Build.0 = Debug|Any CPU
		{2ED58A32-CD51-4AF0-B39C-DCDF1853F81D}.Release|Any CPU.ActiveCfg = Release|Any CPU
		{2ED58A32-CD51-4AF0-B39C-DCDF1853F81D}.Release|Any CPU.Build.0 = Release|Any CPU
	EndGlobalSection
	GlobalSection(SolutionProperties) = preSolution
		HideSolutionNode = FALSE
	EndGlobalSection
	GlobalSection(ExtensibilityGlobals) = postSolution
		SolutionGuid = {BF5311F8-295C-4CE8-9176-A4A2F3132D39}
	EndGlobalSection
EndGlobal
